<?xml version="1.0" encoding="utf-8"?>
<Project ToolsVersion="4.0" xmlns="http://schemas.microsoft.com/developer/msbuild/2003">
  <ItemGroup>
    <Filter Include="Source Files">
      <UniqueIdentifier>{4FC737F1-C7A5-4376-A066-2A32D752A2FF}</UniqueIdentifier>
      <Extensions>cpp;c;cc;cxx;c++;def;odl;idl;hpj;bat;asm;asmx</Extensions>
    </Filter>
    <Filter Include="Resource Files">
      <UniqueIdentifier>{67DA6AB6-F800-4c08-8B7A-83BB121AAD01}</UniqueIdentifier>
      <Extensions>rc;ico;cur;bmp;dlg;rc2;rct;bin;rgs;gif;jpg;jpeg;jpe;resx;tiff;tif;png;wav;mfcribbon-ms</Extensions>
    </Filter>
    <Filter Include="Source Files\utils">
      <UniqueIdentifier>{d1af0f6e-9150-4b44-846a-15e4282ce3b1}</UniqueIdentifier>
    </Filter>
    <Filter Include="Source Files\runtime">
      <UniqueIdentifier>{4e55a479-894b-4485-b5aa-6d1941188f89}</UniqueIdentifier>
    </Filter>
    <Filter Include="Source Files\runtime\editor">
      <UniqueIdentifier>{c8ac3fed-e667-499e-b83c-ca0cd6f21dbf}</UniqueIdentifier>
    </Filter>
    <Filter Include="Source Files\runtime\editor\driver">
      <UniqueIdentifier>{a90157a0-3389-4c74-bfd9-62b3631f972d}</UniqueIdentifier>
    </Filter>
    <Filter Include="Source Files\runtime\emulation">
      <UniqueIdentifier>{0b789ad8-43db-4150-9c27-44596f2ad715}</UniqueIdentifier>
    </Filter>
    <Filter Include="Source Files\runtime\editor\auxilarydata">
      <UniqueIdentifier>{315500c9-5e13-4004-8bd8-ad8e2a5839e5}</UniqueIdentifier>
    </Filter>
    <Filter Include="Source Files\runtime\editor\datasources">
      <UniqueIdentifier>{b1c9932d-228e-46c0-ad4c-715df6f6b258}</UniqueIdentifier>
    </Filter>
    <Filter Include="Source Files\foundation">
      <UniqueIdentifier>{c62fbd02-4fc8-44ca-95c9-c35e8ffe7cb3}</UniqueIdentifier>
    </Filter>
    <Filter Include="Source Files\foundation\platform">
      <UniqueIdentifier>{21beb618-8f99-4885-a8e4-7dad3e9a29be}</UniqueIdentifier>
    </Filter>
    <Filter Include="Source Files\foundation\platform\sdl">
      <UniqueIdentifier>{837e546c-21b0-4de4-96c1-7c35b98ec3b4}</UniqueIdentifier>
    </Filter>
    <Filter Include="Source Files\converter">
      <UniqueIdentifier>{c667551b-ddbd-4761-af34-b7b884c994d0}</UniqueIdentifier>
    </Filter>
    <Filter Include="Source Files\runtime\editor\screens">
      <UniqueIdentifier>{32cb6f28-7585-4cf7-b455-01b9a3bc8dcd}</UniqueIdentifier>
    </Filter>
    <Filter Include="Source Files\libraries">
      <UniqueIdentifier>{743953fc-f7cf-4007-b6e4-8777b75feb4d}</UniqueIdentifier>
    </Filter>
    <Filter Include="Source Files\libraries\miniz_v115_r4">
      <UniqueIdentifier>{2daa2de3-dc35-47dd-a682-17e7c3792283}</UniqueIdentifier>
    </Filter>
  </ItemGroup>
  <ItemGroup>
    <ClCompile Include="converter\sf2_interface.cpp">
      <Filter>Source Files\converter</Filter>
    </ClCompile>
    <ClCompile Include="..\SIDFactoryII\source\runtime\editor\driver\driver_info.cpp">
      <Filter>Source Files\runtime\editor\driver</Filter>
    </ClCompile>
    <ClCompile Include="..\SIDFactoryII\source\runtime\editor\driver\driver_architecture_sidfactory2.cpp">
      <Filter>Source Files\runtime\editor\driver</Filter>
    </ClCompile>
    <ClCompile Include="..\SIDFactoryII\source\runtime\emulation\cpumemory.cpp">
      <Filter>Source Files\runtime\emulation</Filter>
    </ClCompile>
    <ClCompile Include="..\SIDFactoryII\source\utils\c64file.cpp">
      <Filter>Source Files\utils</Filter>
    </ClCompile>
    <ClCompile Include="..\SIDFactoryII\source\runtime\editor\auxilarydata\auxilary_data_collection.cpp">
      <Filter>Source Files\runtime\editor\auxilarydata</Filter>
    </ClCompile>
    <ClCompile Include="..\SIDFactoryII\source\runtime\editor\auxilarydata\auxilary_data_play_markers.cpp">
      <Filter>Source Files\runtime\editor\auxilarydata</Filter>
    </ClCompile>
    <ClCompile Include="..\SIDFactoryII\source\runtime\editor\auxilarydata\auxilary_data.cpp">
      <Filter>Source Files\runtime\editor\auxilarydata</Filter>
    </ClCompile>
    <ClCompile Include="..\SIDFactoryII\source\runtime\editor\auxilarydata\auxilary_data_editing_preferences.cpp">
      <Filter>Source Files\runtime\editor\auxilarydata</Filter>
    </ClCompile>
    <ClCompile Include="..\SIDFactoryII\source\runtime\editor\driver\driver_utils.cpp">
      <Filter>Source Files\runtime\editor\driver</Filter>
    </ClCompile>
    <ClCompile Include="..\SIDFactoryII\source\runtime\editor\datasources\datasource_table.cpp">
      <Filter>Source Files\runtime\editor\datasources</Filter>
    </ClCompile>
    <ClCompile Include="..\SIDFactoryII\source\runtime\editor\datasources\datasource_table_column_major.cpp">
      <Filter>Source Files\runtime\editor\datasources</Filter>
    </ClCompile>
    <ClCompile Include="..\SIDFactoryII\source\runtime\editor\datasources\datasource_table_row_major.cpp">
      <Filter>Source Files\runtime\editor\datasources</Filter>
    </ClCompile>
    <ClCompile Include="..\SIDFactoryII\source\runtime\editor\datasources\datasource_memory.cpp">
      <Filter>Source Files\runtime\editor\datasources</Filter>
    </ClCompile>
    <ClCompile Include="..\SIDFactoryII\source\utils\utilities.cpp">
      <Filter>Source Files\utils</Filter>
    </ClCompile>
    <ClCompile Include="..\SIDFactoryII\source\runtime\editor\datasources\datasource_emulation_memory.cpp">
      <Filter>Source Files\runtime\editor\datasources</Filter>
    </ClCompile>
    <ClCompile Include="..\SIDFactoryII\source\runtime\editor\auxilarydata\auxilary_data_hardware_preferences.cpp">
      <Filter>Source Files\runtime\editor\auxilarydata</Filter>
    </ClCompile>
    <ClCompile Include="..\SIDFactoryII\source\foundation\platform\sdl\mutex_sdl.cpp">
      <Filter>Source Files\foundation\platform\sdl</Filter>
    </ClCompile>
    <ClCompile Include="..\SIDFactoryII\source\foundation\platform\sdl\platform_sdl.cpp">
      <Filter>Source Files\foundation\platform\sdl</Filter>
    </ClCompile>
    <ClCompile Include="main.cpp">
      <Filter>Source Files</Filter>
    </ClCompile>
    <ClCompile Include="converter\misc.cpp">
      <Filter>Source Files\converter</Filter>
    </ClCompile>
    <ClCompile Include="..\SIDFactoryII\source\runtime\editor\datasources\datasource_orderlist.cpp">
      <Filter>Source Files\runtime\editor\datasources</Filter>
    </ClCompile>
    <ClCompile Include="..\SIDFactoryII\source\runtime\editor\datasources\datasource_sequence.cpp">
      <Filter>Source Files\runtime\editor\datasources</Filter>
    </ClCompile>
    <ClCompile Include="..\SIDFactoryII\source\runtime\editor\driver\driver_state.cpp">
      <Filter>Source Files\runtime\editor\driver</Filter>
    </ClCompile>
    <ClCompile Include="..\SIDFactoryII\source\runtime\editor\screens\screen_edit_utils.cpp">
      <Filter>Source Files\runtime\editor\screens</Filter>
    </ClCompile>
    <ClCompile Include="converter\test.cpp">
      <Filter>Source Files\converter</Filter>
    </ClCompile>
    <ClCompile Include="converter\source_mod.cpp">
      <Filter>Source Files\converter</Filter>
    </ClCompile>
    <ClCompile Include="converter\source_utils.cpp">
      <Filter>Source Files\converter</Filter>
    </ClCompile>
    <ClCompile Include="converter\source_sng.cpp">
      <Filter>Source Files\converter</Filter>
    </ClCompile>
    <ClCompile Include="..\SIDFactoryII\source\foundation\platform\sdl\platform_sdl_macos.cpp">
      <Filter>Source Files\foundation\platform\sdl</Filter>
    </ClCompile>
    <ClCompile Include="..\SIDFactoryII\source\foundation\platform\sdl\platform_sdl_windows.cpp">
      <Filter>Source Files\foundation\platform\sdl</Filter>
    </ClCompile>
    <ClCompile Include="..\SIDFactoryII\source\runtime\editor\auxilarydata\auxilary_data_table_text.cpp">
      <Filter>Source Files\runtime\editor\auxilarydata</Filter>
    </ClCompile>
    <ClCompile Include="..\SIDFactoryII\source\runtime\editor\datasources\datasource_table_text.cpp">
      <Filter>Source Files\runtime\editor\datasources</Filter>
    </ClCompile>
    <ClCompile Include="converter\source_ct.cpp">
      <Filter>Source Files\converter</Filter>
    </ClCompile>
    <ClCompile Include="libraries\miniz_v115_r4\miniz.c">
      <Filter>Source Files\libraries\miniz_v115_r4</Filter>
    </ClCompile>
  </ItemGroup>
  <ItemGroup>
    <ClInclude Include="converter\sf2_interface.h">
      <Filter>Source Files\converter</Filter>
    </ClInclude>
    <ClInclude Include="converter\misc.h">
      <Filter>Source Files\converter</Filter>
    </ClInclude>
    <ClInclude Include="converter\test.h">
      <Filter>Source Files\converter</Filter>
    </ClInclude>
    <ClInclude Include="converter\source_mod.h">
      <Filter>Source Files\converter</Filter>
    </ClInclude>
    <ClInclude Include="converter\source_utils.h">
      <Filter>Source Files\converter</Filter>
    </ClInclude>
    <ClInclude Include="converter\source_sng.h">
      <Filter>Source Files\converter</Filter>
    </ClInclude>
    <ClInclude Include="converter\source_ct.h">
      <Filter>Source Files\converter</Filter>
    </ClInclude>
  </ItemGroup>
</Project>